
Microsoft Visual Studio Solution File, Format Version 12.00
# Visual Studio Version 17
VisualStudioVersion = 17.0.31903.59
MinimumVisualStudioVersion = 10.0.40219.1
Project("{2150E333-8FDC-42A3-9474-1A3956D46DE8}") = "src", "src", "{841340AE-A21E-4A0E-BE5F-0A54D0223AC4}"
EndProject
Project("{FAE04EC0-301F-11D3-BF4B-00C04F79EFBC}") = "DailyRates.WebService", "src\DailyRates.WebService\DailyRates.WebService.csproj", "{D29CC8D4-B3C6-4527-BFDF-35640D426192}"
EndProject
Project("{2150E333-8FDC-42A3-9474-1A3956D46DE8}") = "tests", "tests", "{598896A0-7976-4DA0-9048-B7C6B7637F61}"
EndProject
Project("{2150E333-8FDC-42A3-9474-1A3956D46DE8}") = "Modules", "Modules", "{6F08A403-5874-42D9-9E26-00A15C0A84B6}"
EndProject
Project("{FAE04EC0-301F-11D3-BF4B-00C04F79EFBC}") = "Mailing", "src\Modules\Mailing\Mailing.csproj", "{79FC675D-47F8-4397-9214-A9972B6696FA}"
EndProject
Project("{FAE04EC0-301F-11D3-BF4B-00C04F79EFBC}") = "MailSubscription", "src\Modules\MailSubscription\MailSubscription.csproj", "{09BDBEA4-9039-4F02-9BD5-143738211FC2}"
EndProject
Project("{FAE04EC0-301F-11D3-BF4B-00C04F79EFBC}") = "CurrencyRates", "src\Modules\CurrencyRates\CurrencyRates.csproj", "{429628A1-64FD-436E-8E95-6958C26D71FF}"
EndProject
Project("{2150E333-8FDC-42A3-9474-1A3956D46DE8}") = "Modules", "Modules", "{F6442B54-8645-4517-8A74-5294B95C987E}"
EndProject
Project("{FAE04EC0-301F-11D3-BF4B-00C04F79EFBC}") = "CurrencyRates.UnitTests", "tests\Modules\CurrencyRates.UnitTests\CurrencyRates.UnitTests.csproj", "{82D1C8AE-5BA4-4C5C-8CC9-841BB1EAB3CF}"
EndProject
Project("{FAE04EC0-301F-11D3-BF4B-00C04F79EFBC}") = "DailyRates.Specs", "tests\DailyRates.Specs\DailyRates.Specs.csproj", "{384F9BAE-73C6-4EB8-9B73-2631E0A22811}"
EndProject
Global
	GlobalSection(SolutionConfigurationPlatforms) = preSolution
		Debug|Any CPU = Debug|Any CPU
		Release|Any CPU = Release|Any CPU
	EndGlobalSection
	GlobalSection(SolutionProperties) = preSolution
		HideSolutionNode = FALSE
	EndGlobalSection
	GlobalSection(ProjectConfigurationPlatforms) = postSolution
		{D29CC8D4-B3C6-4527-BFDF-35640D426192}.Debug|Any CPU.ActiveCfg = Debug|Any CPU
		{D29CC8D4-B3C6-4527-BFDF-35640D426192}.Debug|Any CPU.Build.0 = Debug|Any CPU
		{D29CC8D4-B3C6-4527-BFDF-35640D426192}.Release|Any CPU.ActiveCfg = Release|Any CPU
		{D29CC8D4-B3C6-4527-BFDF-35640D426192}.Release|Any CPU.Build.0 = Release|Any CPU
		{79FC675D-47F8-4397-9214-A9972B6696FA}.Debug|Any CPU.ActiveCfg = Debug|Any CPU
		{79FC675D-47F8-4397-9214-A9972B6696FA}.Debug|Any CPU.Build.0 = Debug|Any CPU
		{79FC675D-47F8-4397-9214-A9972B6696FA}.Release|Any CPU.ActiveCfg = Release|Any CPU
		{79FC675D-47F8-4397-9214-A9972B6696FA}.Release|Any CPU.Build.0 = Release|Any CPU
		{09BDBEA4-9039-4F02-9BD5-143738211FC2}.Debug|Any CPU.ActiveCfg = Debug|Any CPU
		{09BDBEA4-9039-4F02-9BD5-143738211FC2}.Debug|Any CPU.Build.0 = Debug|Any CPU
		{09BDBEA4-9039-4F02-9BD5-143738211FC2}.Release|Any CPU.ActiveCfg = Release|Any CPU
		{09BDBEA4-9039-4F02-9BD5-143738211FC2}.Release|Any CPU.Build.0 = Release|Any CPU
		{429628A1-64FD-436E-8E95-6958C26D71FF}.Debug|Any CPU.ActiveCfg = Debug|Any CPU
		{429628A1-64FD-436E-8E95-6958C26D71FF}.Debug|Any CPU.Build.0 = Debug|Any CPU
		{429628A1-64FD-436E-8E95-6958C26D71FF}.Release|Any CPU.ActiveCfg = Release|Any CPU
		{429628A1-64FD-436E-8E95-6958C26D71FF}.Release|Any CPU.Build.0 = Release|Any CPU
		{82D1C8AE-5BA4-4C5C-8CC9-841BB1EAB3CF}.Debug|Any CPU.ActiveCfg = Debug|Any CPU
		{82D1C8AE-5BA4-4C5C-8CC9-841BB1EAB3CF}.Debug|Any CPU.Build.0 = Debug|Any CPU
		{82D1C8AE-5BA4-4C5C-8CC9-841BB1EAB3CF}.Release|Any CPU.ActiveCfg = Release|Any CPU
		{82D1C8AE-5BA4-4C5C-8CC9-841BB1EAB3CF}.Release|Any CPU.Build.0 = Release|Any CPU
		{384F9BAE-73C6-4EB8-9B73-2631E0A22811}.Debug|Any CPU.ActiveCfg = Debug|Any CPU
		{384F9BAE-73C6-4EB8-9B73-2631E0A22811}.Debug|Any CPU.Build.0 = Debug|Any CPU
		{384F9BAE-73C6-4EB8-9B73-2631E0A22811}.Release|Any CPU.ActiveCfg = Release|Any CPU
		{384F9BAE-73C6-4EB8-9B73-2631E0A22811}.Release|Any CPU.Build.0 = Release|Any CPU
	EndGlobalSection
	GlobalSection(NestedProjects) = preSolution
		{D29CC8D4-B3C6-4527-BFDF-35640D426192} = {841340AE-A21E-4A0E-BE5F-0A54D0223AC4}
		{6F08A403-5874-42D9-9E26-00A15C0A84B6} = {841340AE-A21E-4A0E-BE5F-0A54D0223AC4}
		{79FC675D-47F8-4397-9214-A9972B6696FA} = {6F08A403-5874-42D9-9E26-00A15C0A84B6}
		{09BDBEA4-9039-4F02-9BD5-143738211FC2} = {6F08A403-5874-42D9-9E26-00A15C0A84B6}
		{429628A1-64FD-436E-8E95-6958C26D71FF} = {6F08A403-5874-42D9-9E26-00A15C0A84B6}
		{F6442B54-8645-4517-8A74-5294B95C987E} = {598896A0-7976-4DA0-9048-B7C6B7637F61}
		{82D1C8AE-5BA4-4C5C-8CC9-841BB1EAB3CF} = {F6442B54-8645-4517-8A74-5294B95C987E}
		{384F9BAE-73C6-4EB8-9B73-2631E0A22811} = {598896A0-7976-4DA0-9048-B7C6B7637F61}
	EndGlobalSection
EndGlobal
