
Microsoft Visual Studio Solution File, Format Version 12.00
# Visual Studio Version 17
VisualStudioVersion = 17.0.31903.59
MinimumVisualStudioVersion = 10.0.40219.1
Project("{2150E333-8FDC-42A3-9474-1A3956D46DE8}") = "src", "src", "{841340AE-A21E-4A0E-BE5F-0A54D0223AC4}"
EndProject
Project("{FAE04EC0-301F-11D3-BF4B-00C04F79EFBC}") = "CurrencyRates", "src\CurrencyRates\CurrencyRates.csproj", "{D29CC8D4-B3C6-4527-BFDF-35640D426192}"
EndProject
Project("{2150E333-8FDC-42A3-9474-1A3956D46DE8}") = "tests", "tests", "{598896A0-7976-4DA0-9048-B7C6B7637F61}"
EndProject
Project("{FAE04EC0-301F-11D3-BF4B-00C04F79EFBC}") = "CurrencyRates.Specs", "tests\CurrencyRates.Specs\CurrencyRates.Specs.csproj", "{4A308EAA-F820-4CA4-BCEE-F7A635FA6B06}"
EndProject
Project("{FAE04EC0-301F-11D3-BF4B-00C04F79EFBC}") = "CurrencyRates.UnitTests", "tests\CurrencyRates.UnitTests\CurrencyRates.UnitTests.csproj", "{F8B30668-4CBA-4340-9E18-3B13F8D26027}"
EndProject
Global
	GlobalSection(SolutionConfigurationPlatforms) = preSolution
		Debug|Any CPU = Debug|Any CPU
		Release|Any CPU = Release|Any CPU
	EndGlobalSection
	GlobalSection(SolutionProperties) = preSolution
		HideSolutionNode = FALSE
	EndGlobalSection
	GlobalSection(ProjectConfigurationPlatforms) = postSolution
		{D29CC8D4-B3C6-4527-BFDF-35640D426192}.Debug|Any CPU.ActiveCfg = Debug|Any CPU
		{D29CC8D4-B3C6-4527-BFDF-35640D426192}.Debug|Any CPU.Build.0 = Debug|Any CPU
		{D29CC8D4-B3C6-4527-BFDF-35640D426192}.Release|Any CPU.ActiveCfg = Release|Any CPU
		{D29CC8D4-B3C6-4527-BFDF-35640D426192}.Release|Any CPU.Build.0 = Release|Any CPU
		{4A308EAA-F820-4CA4-BCEE-F7A635FA6B06}.Debug|Any CPU.ActiveCfg = Debug|Any CPU
		{4A308EAA-F820-4CA4-BCEE-F7A635FA6B06}.Debug|Any CPU.Build.0 = Debug|Any CPU
		{4A308EAA-F820-4CA4-BCEE-F7A635FA6B06}.Release|Any CPU.ActiveCfg = Release|Any CPU
		{4A308EAA-F820-4CA4-BCEE-F7A635FA6B06}.Release|Any CPU.Build.0 = Release|Any CPU
		{F8B30668-4CBA-4340-9E18-3B13F8D26027}.Debug|Any CPU.ActiveCfg = Debug|Any CPU
		{F8B30668-4CBA-4340-9E18-3B13F8D26027}.Debug|Any CPU.Build.0 = Debug|Any CPU
		{F8B30668-4CBA-4340-9E18-3B13F8D26027}.Release|Any CPU.ActiveCfg = Release|Any CPU
		{F8B30668-4CBA-4340-9E18-3B13F8D26027}.Release|Any CPU.Build.0 = Release|Any CPU
	EndGlobalSection
	GlobalSection(NestedProjects) = preSolution
		{D29CC8D4-B3C6-4527-BFDF-35640D426192} = {841340AE-A21E-4A0E-BE5F-0A54D0223AC4}
		{4A308EAA-F820-4CA4-BCEE-F7A635FA6B06} = {598896A0-7976-4DA0-9048-B7C6B7637F61}
		{F8B30668-4CBA-4340-9E18-3B13F8D26027} = {598896A0-7976-4DA0-9048-B7C6B7637F61}
	EndGlobalSection
EndGlobal
